<?xml version="1.0" encoding="utf-8"?>
<Project ToolsVersion="4.0" xmlns="http://schemas.microsoft.com/developer/msbuild/2003">
  <ItemGroup>
    <Filter Include="Source Files">
      <UniqueIdentifier>{4FC737F1-C7A5-4376-A066-2A32D752A2FF}</UniqueIdentifier>
      <Extensions>cpp;c;cc;cxx;c++;cppm;ixx;def;odl;idl;hpj;bat;asm;asmx</Extensions>
    </Filter>
    <Filter Include="Header Files">
      <UniqueIdentifier>{93995380-89BD-4b04-88EB-625FBE52EBFB}</UniqueIdentifier>
      <Extensions>h;hh;hpp;hxx;h++;hm;inl;inc;ipp;xsd</Extensions>
    </Filter>
    <Filter Include="Resource Files">
      <UniqueIdentifier>{67DA6AB6-F800-4c08-8B7A-83BB121AAD01}</UniqueIdentifier>
      <Extensions>rc;ico;cur;bmp;dlg;rc2;rct;bin;rgs;gif;jpg;jpeg;jpe;resx;tiff;tif;png;wav;mfcribbon-ms</Extensions>
    </Filter>
<<<<<<< HEAD
    <Filter Include="Source Files\DataStructure">
      <UniqueIdentifier>{dd459ca8-daba-408c-bbe3-844c7b8eec91}</UniqueIdentifier>
    </Filter>
    <Filter Include="Header Files\DataStructure">
      <UniqueIdentifier>{b43b3936-346e-4c62-8510-c5a56805db02}</UniqueIdentifier>
=======
    <Filter Include="Source Files\DataStruct">
      <UniqueIdentifier>{9b792ea1-09e3-4269-afd8-c07d097abc67}</UniqueIdentifier>
>>>>>>> 300122a775afbc123955841661b7d2ff47c77daa
    </Filter>
  </ItemGroup>
  <ItemGroup>
    <ClInclude Include="Subject.h">
      <Filter>Header Files\DataStructure</Filter>
    </ClInclude>
<<<<<<< HEAD
    <ClInclude Include="Student.h">
      <Filter>Header Files\DataStructure</Filter>
    </ClInclude>
=======
>>>>>>> 300122a775afbc123955841661b7d2ff47c77daa
    <ClInclude Include="Class.h">
      <Filter>Header Files</Filter>
    </ClInclude>
  </ItemGroup>
  <ItemGroup>
    <ClCompile Include="Subject.cpp">
<<<<<<< HEAD
      <Filter>Source Files\DataStructure</Filter>
    </ClCompile>
    <ClCompile Include="Student.cpp">
      <Filter>Source Files\DataStructure</Filter>
    </ClCompile>
=======
      <Filter>Source Files\DataStruct</Filter>
    </ClCompile>
>>>>>>> 300122a775afbc123955841661b7d2ff47c77daa
    <ClCompile Include="Class.cpp">
      <Filter>Source Files</Filter>
    </ClCompile>
  </ItemGroup>
</Project>