<?xml version="1.0" encoding="utf-8"?>
<Project ToolsVersion="4.0" xmlns="http://schemas.microsoft.com/developer/msbuild/2003">
  <ItemGroup>
    <Filter Include="Source Files">
      <UniqueIdentifier>{4FC737F1-C7A5-4376-A066-2A32D752A2FF}</UniqueIdentifier>
      <Extensions>cpp;c;cc;cxx;c++;cppm;ixx;def;odl;idl;hpj;bat;asm;asmx</Extensions>
    </Filter>
    <Filter Include="Header Files">
      <UniqueIdentifier>{93995380-89BD-4b04-88EB-625FBE52EBFB}</UniqueIdentifier>
      <Extensions>h;hh;hpp;hxx;h++;hm;inl;inc;ipp;xsd</Extensions>
    </Filter>
    <Filter Include="Resource Files">
      <UniqueIdentifier>{67DA6AB6-F800-4c08-8B7A-83BB121AAD01}</UniqueIdentifier>
      <Extensions>rc;ico;cur;bmp;dlg;rc2;rct;bin;rgs;gif;jpg;jpeg;jpe;resx;tiff;tif;png;wav;mfcribbon-ms</Extensions>
    </Filter>
    <Filter Include="Header Files\CTDL">
      <UniqueIdentifier>{421ad03a-9f11-4ce5-8e86-63b4f56f3e45}</UniqueIdentifier>
    </Filter>
    <Filter Include="Source Files\CTDL">
      <UniqueIdentifier>{f95e1949-2aac-49bd-bfb8-7a1f431acf8d}</UniqueIdentifier>
    </Filter>
    <Filter Include="Header Files\CTDL\HoangWeeb">
      <UniqueIdentifier>{c6ebd581-8774-415d-8e00-1bc862b8f2d7}</UniqueIdentifier>
    </Filter>
    <Filter Include="Source Files\CTDL\HoangWeeb">
      <UniqueIdentifier>{40c287d3-3d8b-4bef-8343-9eef0f02a2f3}</UniqueIdentifier>
    </Filter>
    <Filter Include="Header Files\CTDL\HuyGay">
      <UniqueIdentifier>{8c4d6392-e433-4699-a426-d4afcd8b7949}</UniqueIdentifier>
    </Filter>
    <Filter Include="Source Files\CTDL\HuyGay">
      <UniqueIdentifier>{46240202-b2e6-4463-8a80-9d18c775198f}</UniqueIdentifier>
    </Filter>
    <Filter Include="Header Files\CTDL\DanhBoDoy">
      <UniqueIdentifier>{bbffe0e6-cc82-4829-9dab-83172823ac72}</UniqueIdentifier>
    </Filter>
    <Filter Include="Source Files\CTDL\DanhBoDoy">
      <UniqueIdentifier>{e9d0849d-01fb-4b80-afd2-cb48eb83b836}</UniqueIdentifier>
    </Filter>
  </ItemGroup>
  <ItemGroup>
    <ClInclude Include="Subject.h">
      <Filter>Header Files\CTDL\HoangWeeb</Filter>
    </ClInclude>
    <ClInclude Include="Class.h">
      <Filter>Header Files\CTDL\HoangWeeb</Filter>
    </ClInclude>
    <ClInclude Include="LinkedList.h">
      <Filter>Header Files\CTDL\DanhBoDoy</Filter>
    </ClInclude>
    <ClInclude Include="MarkScript.h">
      <Filter>Header Files\CTDL\DanhBoDoy</Filter>
    </ClInclude>
    <ClInclude Include="StudentScript.h">
      <Filter>Header Files\CTDL\DanhBoDoy</Filter>
    </ClInclude>
    <ClInclude Include="Question.h">
      <Filter>Header Files\CTDL\HuyGay</Filter>
    </ClInclude>
    <ClInclude Include="QuestionList.h">
      <Filter>Header Files\CTDL\HuyGay</Filter>
    </ClInclude>
    <ClInclude Include="QuestionNode.h">
      <Filter>Header Files\CTDL\HuyGay</Filter>
    </ClInclude>
    <ClInclude Include="QuestionTree.h">
      <Filter>Header Files\CTDL\HuyGay</Filter>
    </ClInclude>
  </ItemGroup>
  <ItemGroup>
    <ClCompile Include="Test.cpp">
      <Filter>Source Files\CTDL</Filter>
    </ClCompile>
    <ClCompile Include="Class.cpp">
      <Filter>Source Files\CTDL\HoangWeeb</Filter>
    </ClCompile>
    <ClCompile Include="Subject.cpp">
      <Filter>Source Files\CTDL\HoangWeeb</Filter>
    </ClCompile>
    <ClCompile Include="MarkScript.cpp">
      <Filter>Source Files\CTDL\DanhBoDoy</Filter>
    </ClCompile>
    <ClCompile Include="StudentScript.cpp">
      <Filter>Source Files\CTDL\DanhBoDoy</Filter>
    </ClCompile>
    <ClCompile Include="Question.cpp">
      <Filter>Source Files\CTDL\HuyGay</Filter>
    </ClCompile>
    <ClCompile Include="QuestionList.cpp">
      <Filter>Source Files\CTDL\HuyGay</Filter>
    </ClCompile>
    <ClCompile Include="QuestionNode.cpp">
      <Filter>Source Files\CTDL\HuyGay</Filter>
    </ClCompile>
    <ClCompile Include="QuestionTree.cpp">
      <Filter>Source Files\CTDL\HuyGay</Filter>
    </ClCompile>
  </ItemGroup>
</Project>